
Microsoft Visual Studio Solution File, Format Version 12.00
# Visual Studio Version 17
VisualStudioVersion = 17.9.34701.34
MinimumVisualStudioVersion = 10.0.40219.1
Project("{FAE04EC0-301F-11D3-BF4B-00C04F79EFBC}") = "WPF_lez02_Eventi", "WPF_lez02_Eventi\WPF_lez02_Eventi.csproj", "{C7C45089-49D2-4C10-B4C1-8F307538B1EB}"
EndProject
Global
	GlobalSection(SolutionConfigurationPlatforms) = preSolution
		Debug|Any CPU = Debug|Any CPU
		Release|Any CPU = Release|Any CPU
	EndGlobalSection
	GlobalSection(ProjectConfigurationPlatforms) = postSolution
		{C7C45089-49D2-4C10-B4C1-8F307538B1EB}.Debug|Any CPU.ActiveCfg = Debug|Any CPU
		{C7C45089-49D2-4C10-B4C1-8F307538B1EB}.Debug|Any CPU.Build.0 = Debug|Any CPU
		{C7C45089-49D2-4C10-B4C1-8F307538B1EB}.Release|Any CPU.ActiveCfg = Release|Any CPU
		{C7C45089-49D2-4C10-B4C1-8F307538B1EB}.Release|Any CPU.Build.0 = Release|Any CPU
	EndGlobalSection
	GlobalSection(SolutionProperties) = preSolution
		HideSolutionNode = FALSE
	EndGlobalSection
	GlobalSection(ExtensibilityGlobals) = postSolution
		SolutionGuid = {711A6D3B-0955-4774-B961-13D5DF96895A}
	EndGlobalSection
EndGlobal
