
Microsoft Visual Studio Solution File, Format Version 12.00
# Visual Studio Version 17
VisualStudioVersion = 17.9.34701.34
MinimumVisualStudioVersion = 10.0.40219.1
Project("{FAE04EC0-301F-11D3-BF4B-00C04F79EFBC}") = "ASP_WEB_02_scambio_dati", "ASP_WEB_02_scambio_dati\ASP_WEB_02_scambio_dati.csproj", "{8DF0C077-17AE-4F9B-9AB0-A70985F9C9BB}"
EndProject
Global
	GlobalSection(SolutionConfigurationPlatforms) = preSolution
		Debug|Any CPU = Debug|Any CPU
		Release|Any CPU = Release|Any CPU
	EndGlobalSection
	GlobalSection(ProjectConfigurationPlatforms) = postSolution
		{8DF0C077-17AE-4F9B-9AB0-A70985F9C9BB}.Debug|Any CPU.ActiveCfg = Debug|Any CPU
		{8DF0C077-17AE-4F9B-9AB0-A70985F9C9BB}.Debug|Any CPU.Build.0 = Debug|Any CPU
		{8DF0C077-17AE-4F9B-9AB0-A70985F9C9BB}.Release|Any CPU.ActiveCfg = Release|Any CPU
		{8DF0C077-17AE-4F9B-9AB0-A70985F9C9BB}.Release|Any CPU.Build.0 = Release|Any CPU
	EndGlobalSection
	GlobalSection(SolutionProperties) = preSolution
		HideSolutionNode = FALSE
	EndGlobalSection
	GlobalSection(ExtensibilityGlobals) = postSolution
		SolutionGuid = {C5E6D4A7-A236-401A-8FAD-AF29D21B5953}
	EndGlobalSection
EndGlobal
