
Microsoft Visual Studio Solution File, Format Version 12.00
# Visual Studio Version 17
VisualStudioVersion = 17.9.34701.34
MinimumVisualStudioVersion = 10.0.40219.1
Project("{FAE04EC0-301F-11D3-BF4B-00C04F79EFBC}") = "REST_01_Introduzione", "REST_01_Introduzione\REST_01_Introduzione.csproj", "{BDF50834-3C7C-493A-B8DE-4DB10DD5D35A}"
EndProject
Global
	GlobalSection(SolutionConfigurationPlatforms) = preSolution
		Debug|Any CPU = Debug|Any CPU
		Release|Any CPU = Release|Any CPU
	EndGlobalSection
	GlobalSection(ProjectConfigurationPlatforms) = postSolution
		{BDF50834-3C7C-493A-B8DE-4DB10DD5D35A}.Debug|Any CPU.ActiveCfg = Debug|Any CPU
		{BDF50834-3C7C-493A-B8DE-4DB10DD5D35A}.Debug|Any CPU.Build.0 = Debug|Any CPU
		{BDF50834-3C7C-493A-B8DE-4DB10DD5D35A}.Release|Any CPU.ActiveCfg = Release|Any CPU
		{BDF50834-3C7C-493A-B8DE-4DB10DD5D35A}.Release|Any CPU.Build.0 = Release|Any CPU
	EndGlobalSection
	GlobalSection(SolutionProperties) = preSolution
		HideSolutionNode = FALSE
	EndGlobalSection
	GlobalSection(ExtensibilityGlobals) = postSolution
		SolutionGuid = {C09C8B35-540A-4889-AA78-FF6A79939F09}
	EndGlobalSection
EndGlobal
