
Microsoft Visual Studio Solution File, Format Version 12.00
# Visual Studio Version 17
VisualStudioVersion = 17.9.34701.34
MinimumVisualStudioVersion = 10.0.40219.1
Project("{FAE04EC0-301F-11D3-BF4B-00C04F79EFBC}") = "Lez01_06_TaskTemperatura", "Lez01_06_TaskTemperatura\Lez01_06_TaskTemperatura.csproj", "{4FD9B47B-9A92-479D-98AB-9D659CB715EF}"
EndProject
Global
	GlobalSection(SolutionConfigurationPlatforms) = preSolution
		Debug|Any CPU = Debug|Any CPU
		Release|Any CPU = Release|Any CPU
	EndGlobalSection
	GlobalSection(ProjectConfigurationPlatforms) = postSolution
		{4FD9B47B-9A92-479D-98AB-9D659CB715EF}.Debug|Any CPU.ActiveCfg = Debug|Any CPU
		{4FD9B47B-9A92-479D-98AB-9D659CB715EF}.Debug|Any CPU.Build.0 = Debug|Any CPU
		{4FD9B47B-9A92-479D-98AB-9D659CB715EF}.Release|Any CPU.ActiveCfg = Release|Any CPU
		{4FD9B47B-9A92-479D-98AB-9D659CB715EF}.Release|Any CPU.Build.0 = Release|Any CPU
	EndGlobalSection
	GlobalSection(SolutionProperties) = preSolution
		HideSolutionNode = FALSE
	EndGlobalSection
	GlobalSection(ExtensibilityGlobals) = postSolution
		SolutionGuid = {183AA72F-098E-4456-B6DE-3AFD0A06046E}
	EndGlobalSection
EndGlobal
