
Microsoft Visual Studio Solution File, Format Version 12.00
# Visual Studio Version 17
VisualStudioVersion = 17.9.34701.34
MinimumVisualStudioVersion = 10.0.40219.1
Project("{FAE04EC0-301F-11D3-BF4B-00C04F79EFBC}") = "DB_lez05_calcolatrice_singleton", "DB_lez05_calcolatrice_singleton\DB_lez05_calcolatrice_singleton.csproj", "{6BF3310A-4DB2-4302-AE1D-503C189ACE9E}"
EndProject
Global
	GlobalSection(SolutionConfigurationPlatforms) = preSolution
		Debug|Any CPU = Debug|Any CPU
		Release|Any CPU = Release|Any CPU
	EndGlobalSection
	GlobalSection(ProjectConfigurationPlatforms) = postSolution
		{6BF3310A-4DB2-4302-AE1D-503C189ACE9E}.Debug|Any CPU.ActiveCfg = Debug|Any CPU
		{6BF3310A-4DB2-4302-AE1D-503C189ACE9E}.Debug|Any CPU.Build.0 = Debug|Any CPU
		{6BF3310A-4DB2-4302-AE1D-503C189ACE9E}.Release|Any CPU.ActiveCfg = Release|Any CPU
		{6BF3310A-4DB2-4302-AE1D-503C189ACE9E}.Release|Any CPU.Build.0 = Release|Any CPU
	EndGlobalSection
	GlobalSection(SolutionProperties) = preSolution
		HideSolutionNode = FALSE
	EndGlobalSection
	GlobalSection(ExtensibilityGlobals) = postSolution
		SolutionGuid = {5266B61E-65A3-4A9D-B3C7-F3A8FA413EBA}
	EndGlobalSection
EndGlobal
