
Microsoft Visual Studio Solution File, Format Version 12.00
# Visual Studio Version 17
VisualStudioVersion = 17.9.34701.34
MinimumVisualStudioVersion = 10.0.40219.1
Project("{FAE04EC0-301F-11D3-BF4B-00C04F79EFBC}") = "Lez01_02_HelloWorld", "Lez01_02_HelloWorld\Lez01_02_HelloWorld.csproj", "{D38D6476-5F44-4762-8A54-BFBC5CC41DC0}"
EndProject
Global
	GlobalSection(SolutionConfigurationPlatforms) = preSolution
		Debug|Any CPU = Debug|Any CPU
		Release|Any CPU = Release|Any CPU
	EndGlobalSection
	GlobalSection(ProjectConfigurationPlatforms) = postSolution
		{D38D6476-5F44-4762-8A54-BFBC5CC41DC0}.Debug|Any CPU.ActiveCfg = Debug|Any CPU
		{D38D6476-5F44-4762-8A54-BFBC5CC41DC0}.Debug|Any CPU.Build.0 = Debug|Any CPU
		{D38D6476-5F44-4762-8A54-BFBC5CC41DC0}.Release|Any CPU.ActiveCfg = Release|Any CPU
		{D38D6476-5F44-4762-8A54-BFBC5CC41DC0}.Release|Any CPU.Build.0 = Release|Any CPU
	EndGlobalSection
	GlobalSection(SolutionProperties) = preSolution
		HideSolutionNode = FALSE
	EndGlobalSection
	GlobalSection(ExtensibilityGlobals) = postSolution
		SolutionGuid = {5CBB6975-E341-414A-875C-18A3C40B5CE0}
	EndGlobalSection
EndGlobal
