
Microsoft Visual Studio Solution File, Format Version 12.00
# Visual Studio Version 17
VisualStudioVersion = 17.9.34701.34
MinimumVisualStudioVersion = 10.0.40219.1
Project("{FAE04EC0-301F-11D3-BF4B-00C04F79EFBC}") = "REST_08_Mongo", "REST_08_Mongo\REST_08_Mongo.csproj", "{972B6F75-6FDF-4804-B9A3-1E7EB3001BAC}"
EndProject
Global
	GlobalSection(SolutionConfigurationPlatforms) = preSolution
		Debug|Any CPU = Debug|Any CPU
		Release|Any CPU = Release|Any CPU
	EndGlobalSection
	GlobalSection(ProjectConfigurationPlatforms) = postSolution
		{972B6F75-6FDF-4804-B9A3-1E7EB3001BAC}.Debug|Any CPU.ActiveCfg = Debug|Any CPU
		{972B6F75-6FDF-4804-B9A3-1E7EB3001BAC}.Debug|Any CPU.Build.0 = Debug|Any CPU
		{972B6F75-6FDF-4804-B9A3-1E7EB3001BAC}.Release|Any CPU.ActiveCfg = Release|Any CPU
		{972B6F75-6FDF-4804-B9A3-1E7EB3001BAC}.Release|Any CPU.Build.0 = Release|Any CPU
	EndGlobalSection
	GlobalSection(SolutionProperties) = preSolution
		HideSolutionNode = FALSE
	EndGlobalSection
	GlobalSection(ExtensibilityGlobals) = postSolution
		SolutionGuid = {6432270E-AB58-4CEF-9CE6-3A8331153026}
	EndGlobalSection
EndGlobal
