
Microsoft Visual Studio Solution File, Format Version 12.00
# Visual Studio Version 17
VisualStudioVersion = 17.9.34701.34
MinimumVisualStudioVersion = 10.0.40219.1
Project("{FAE04EC0-301F-11D3-BF4B-00C04F79EFBC}") = "ASP_WEB_01_Introduzione", "ASP_WEB_01_Introduzione\ASP_WEB_01_Introduzione.csproj", "{9D3F5CA6-D140-4E0F-B59F-26357B591932}"
EndProject
Global
	GlobalSection(SolutionConfigurationPlatforms) = preSolution
		Debug|Any CPU = Debug|Any CPU
		Release|Any CPU = Release|Any CPU
	EndGlobalSection
	GlobalSection(ProjectConfigurationPlatforms) = postSolution
		{9D3F5CA6-D140-4E0F-B59F-26357B591932}.Debug|Any CPU.ActiveCfg = Debug|Any CPU
		{9D3F5CA6-D140-4E0F-B59F-26357B591932}.Debug|Any CPU.Build.0 = Debug|Any CPU
		{9D3F5CA6-D140-4E0F-B59F-26357B591932}.Release|Any CPU.ActiveCfg = Release|Any CPU
		{9D3F5CA6-D140-4E0F-B59F-26357B591932}.Release|Any CPU.Build.0 = Release|Any CPU
	EndGlobalSection
	GlobalSection(SolutionProperties) = preSolution
		HideSolutionNode = FALSE
	EndGlobalSection
	GlobalSection(ExtensibilityGlobals) = postSolution
		SolutionGuid = {831D187D-D53E-46A9-BF50-704D9F1CAFFB}
	EndGlobalSection
EndGlobal
