
Microsoft Visual Studio Solution File, Format Version 12.00
# Visual Studio Version 17
VisualStudioVersion = 17.9.34701.34
MinimumVisualStudioVersion = 10.0.40219.1
Project("{FAE04EC0-301F-11D3-BF4B-00C04F79EFBC}") = "ASP_WEB_05_Esercizio_Corsi", "ASP_WEB_05_Esercizio_Corsi\ASP_WEB_05_Esercizio_Corsi.csproj", "{AA086A72-0E39-487C-85EE-5763728F53D0}"
EndProject
Global
	GlobalSection(SolutionConfigurationPlatforms) = preSolution
		Debug|Any CPU = Debug|Any CPU
		Release|Any CPU = Release|Any CPU
	EndGlobalSection
	GlobalSection(ProjectConfigurationPlatforms) = postSolution
		{AA086A72-0E39-487C-85EE-5763728F53D0}.Debug|Any CPU.ActiveCfg = Debug|Any CPU
		{AA086A72-0E39-487C-85EE-5763728F53D0}.Debug|Any CPU.Build.0 = Debug|Any CPU
		{AA086A72-0E39-487C-85EE-5763728F53D0}.Release|Any CPU.ActiveCfg = Release|Any CPU
		{AA086A72-0E39-487C-85EE-5763728F53D0}.Release|Any CPU.Build.0 = Release|Any CPU
	EndGlobalSection
	GlobalSection(SolutionProperties) = preSolution
		HideSolutionNode = FALSE
	EndGlobalSection
	GlobalSection(ExtensibilityGlobals) = postSolution
		SolutionGuid = {69CC9EE2-A907-4EF2-9E8F-3DD248FF69D8}
	EndGlobalSection
EndGlobal
