
Microsoft Visual Studio Solution File, Format Version 12.00
# Visual Studio Version 17
VisualStudioVersion = 17.9.34701.34
MinimumVisualStudioVersion = 10.0.40219.1
Project("{FAE04EC0-301F-11D3-BF4B-00C04F79EFBC}") = "Lez02_02_ContenitoriSemplici", "Lez02_02_ContenitoriSemplici\Lez02_02_ContenitoriSemplici.csproj", "{BABA456B-DD0F-4CA2-9B64-A2B10B67316A}"
EndProject
Global
	GlobalSection(SolutionConfigurationPlatforms) = preSolution
		Debug|Any CPU = Debug|Any CPU
		Release|Any CPU = Release|Any CPU
	EndGlobalSection
	GlobalSection(ProjectConfigurationPlatforms) = postSolution
		{BABA456B-DD0F-4CA2-9B64-A2B10B67316A}.Debug|Any CPU.ActiveCfg = Debug|Any CPU
		{BABA456B-DD0F-4CA2-9B64-A2B10B67316A}.Debug|Any CPU.Build.0 = Debug|Any CPU
		{BABA456B-DD0F-4CA2-9B64-A2B10B67316A}.Release|Any CPU.ActiveCfg = Release|Any CPU
		{BABA456B-DD0F-4CA2-9B64-A2B10B67316A}.Release|Any CPU.Build.0 = Release|Any CPU
	EndGlobalSection
	GlobalSection(SolutionProperties) = preSolution
		HideSolutionNode = FALSE
	EndGlobalSection
	GlobalSection(ExtensibilityGlobals) = postSolution
		SolutionGuid = {E20D6B8A-665B-4286-8063-0C76A23E9E87}
	EndGlobalSection
EndGlobal
