
Microsoft Visual Studio Solution File, Format Version 12.00
# Visual Studio Version 17
VisualStudioVersion = 17.9.34701.34
MinimumVisualStudioVersion = 10.0.40219.1
Project("{FAE04EC0-301F-11D3-BF4B-00C04F79EFBC}") = "LINQ_lez01_filtri_numeri", "LINQ_lez01_filtri_numeri\LINQ_lez01_filtri_numeri.csproj", "{19919E5D-E978-4FDD-8A2E-52593929BA0F}"
EndProject
Global
	GlobalSection(SolutionConfigurationPlatforms) = preSolution
		Debug|Any CPU = Debug|Any CPU
		Release|Any CPU = Release|Any CPU
	EndGlobalSection
	GlobalSection(ProjectConfigurationPlatforms) = postSolution
		{19919E5D-E978-4FDD-8A2E-52593929BA0F}.Debug|Any CPU.ActiveCfg = Debug|Any CPU
		{19919E5D-E978-4FDD-8A2E-52593929BA0F}.Debug|Any CPU.Build.0 = Debug|Any CPU
		{19919E5D-E978-4FDD-8A2E-52593929BA0F}.Release|Any CPU.ActiveCfg = Release|Any CPU
		{19919E5D-E978-4FDD-8A2E-52593929BA0F}.Release|Any CPU.Build.0 = Release|Any CPU
	EndGlobalSection
	GlobalSection(SolutionProperties) = preSolution
		HideSolutionNode = FALSE
	EndGlobalSection
	GlobalSection(ExtensibilityGlobals) = postSolution
		SolutionGuid = {35932487-0F6E-4F63-91D5-C86971E787CF}
	EndGlobalSection
EndGlobal
