
Microsoft Visual Studio Solution File, Format Version 12.00
# Visual Studio Version 17
VisualStudioVersion = 17.9.34701.34
MinimumVisualStudioVersion = 10.0.40219.1
Project("{FAE04EC0-301F-11D3-BF4B-00C04F79EFBC}") = "Lez01_07_InputUtente", "Lez01_07_InputUtente\Lez01_07_InputUtente.csproj", "{600BFADF-1C26-4286-8DCC-164E034144BD}"
EndProject
Global
	GlobalSection(SolutionConfigurationPlatforms) = preSolution
		Debug|Any CPU = Debug|Any CPU
		Release|Any CPU = Release|Any CPU
	EndGlobalSection
	GlobalSection(ProjectConfigurationPlatforms) = postSolution
		{600BFADF-1C26-4286-8DCC-164E034144BD}.Debug|Any CPU.ActiveCfg = Debug|Any CPU
		{600BFADF-1C26-4286-8DCC-164E034144BD}.Debug|Any CPU.Build.0 = Debug|Any CPU
		{600BFADF-1C26-4286-8DCC-164E034144BD}.Release|Any CPU.ActiveCfg = Release|Any CPU
		{600BFADF-1C26-4286-8DCC-164E034144BD}.Release|Any CPU.Build.0 = Release|Any CPU
	EndGlobalSection
	GlobalSection(SolutionProperties) = preSolution
		HideSolutionNode = FALSE
	EndGlobalSection
	GlobalSection(ExtensibilityGlobals) = postSolution
		SolutionGuid = {92E21CB5-5DC5-402C-BDA3-281293079DE7}
	EndGlobalSection
EndGlobal
