
Microsoft Visual Studio Solution File, Format Version 12.00
# Visual Studio Version 17
VisualStudioVersion = 17.9.34701.34
MinimumVisualStudioVersion = 10.0.40219.1
Project("{FAE04EC0-301F-11D3-BF4B-00C04F79EFBC}") = "REST_04_EF_Videoteche", "REST_04_EF_Videoteche\REST_04_EF_Videoteche.csproj", "{5CF9E86B-C0A6-43D0-91D8-5ECE313B3282}"
EndProject
Global
	GlobalSection(SolutionConfigurationPlatforms) = preSolution
		Debug|Any CPU = Debug|Any CPU
		Release|Any CPU = Release|Any CPU
	EndGlobalSection
	GlobalSection(ProjectConfigurationPlatforms) = postSolution
		{5CF9E86B-C0A6-43D0-91D8-5ECE313B3282}.Debug|Any CPU.ActiveCfg = Debug|Any CPU
		{5CF9E86B-C0A6-43D0-91D8-5ECE313B3282}.Debug|Any CPU.Build.0 = Debug|Any CPU
		{5CF9E86B-C0A6-43D0-91D8-5ECE313B3282}.Release|Any CPU.ActiveCfg = Release|Any CPU
		{5CF9E86B-C0A6-43D0-91D8-5ECE313B3282}.Release|Any CPU.Build.0 = Release|Any CPU
	EndGlobalSection
	GlobalSection(SolutionProperties) = preSolution
		HideSolutionNode = FALSE
	EndGlobalSection
	GlobalSection(ExtensibilityGlobals) = postSolution
		SolutionGuid = {906C94FE-A9C2-475F-9BA0-0C2487767E59}
	EndGlobalSection
EndGlobal
