
Microsoft Visual Studio Solution File, Format Version 12.00
# Visual Studio Version 17
VisualStudioVersion = 17.9.34701.34
MinimumVisualStudioVersion = 10.0.40219.1
Project("{FAE04EC0-301F-11D3-BF4B-00C04F79EFBC}") = "esercizio_01_officina", "esercizio_01_officina\esercizio_01_officina.csproj", "{17DF26CF-D691-42A5-A8E4-D14729BF3A22}"
EndProject
Global
	GlobalSection(SolutionConfigurationPlatforms) = preSolution
		Debug|Any CPU = Debug|Any CPU
		Release|Any CPU = Release|Any CPU
	EndGlobalSection
	GlobalSection(ProjectConfigurationPlatforms) = postSolution
		{17DF26CF-D691-42A5-A8E4-D14729BF3A22}.Debug|Any CPU.ActiveCfg = Debug|Any CPU
		{17DF26CF-D691-42A5-A8E4-D14729BF3A22}.Debug|Any CPU.Build.0 = Debug|Any CPU
		{17DF26CF-D691-42A5-A8E4-D14729BF3A22}.Release|Any CPU.ActiveCfg = Release|Any CPU
		{17DF26CF-D691-42A5-A8E4-D14729BF3A22}.Release|Any CPU.Build.0 = Release|Any CPU
	EndGlobalSection
	GlobalSection(SolutionProperties) = preSolution
		HideSolutionNode = FALSE
	EndGlobalSection
	GlobalSection(ExtensibilityGlobals) = postSolution
		SolutionGuid = {98641BE4-AD41-4D2E-9238-7CB8991B9266}
	EndGlobalSection
EndGlobal
