
Microsoft Visual Studio Solution File, Format Version 12.00
# Visual Studio Version 17
VisualStudioVersion = 17.9.34701.34
MinimumVisualStudioVersion = 10.0.40219.1
Project("{FAE04EC0-301F-11D3-BF4B-00C04F79EFBC}") = "ASP_WEB_03_Clienti", "ASP_WEB_03_Clienti\ASP_WEB_03_Clienti.csproj", "{7C422EC2-2866-4FE9-A9C7-14DC4EDD9C0E}"
EndProject
Global
	GlobalSection(SolutionConfigurationPlatforms) = preSolution
		Debug|Any CPU = Debug|Any CPU
		Release|Any CPU = Release|Any CPU
	EndGlobalSection
	GlobalSection(ProjectConfigurationPlatforms) = postSolution
		{7C422EC2-2866-4FE9-A9C7-14DC4EDD9C0E}.Debug|Any CPU.ActiveCfg = Debug|Any CPU
		{7C422EC2-2866-4FE9-A9C7-14DC4EDD9C0E}.Debug|Any CPU.Build.0 = Debug|Any CPU
		{7C422EC2-2866-4FE9-A9C7-14DC4EDD9C0E}.Release|Any CPU.ActiveCfg = Release|Any CPU
		{7C422EC2-2866-4FE9-A9C7-14DC4EDD9C0E}.Release|Any CPU.Build.0 = Release|Any CPU
	EndGlobalSection
	GlobalSection(SolutionProperties) = preSolution
		HideSolutionNode = FALSE
	EndGlobalSection
	GlobalSection(ExtensibilityGlobals) = postSolution
		SolutionGuid = {230D8529-1DB7-4F98-B1ED-557F9EBD539B}
	EndGlobalSection
EndGlobal
