
Microsoft Visual Studio Solution File, Format Version 12.00
# Visual Studio Version 17
VisualStudioVersion = 17.9.34701.34
MinimumVisualStudioVersion = 10.0.40219.1
Project("{FAE04EC0-301F-11D3-BF4B-00C04F79EFBC}") = "Lez01_09_CicliSemplici", "Lez01_09_CicliSemplici\Lez01_09_CicliSemplici.csproj", "{FB5DDA6A-CB3C-4716-BB2B-D93C08212D42}"
EndProject
Global
	GlobalSection(SolutionConfigurationPlatforms) = preSolution
		Debug|Any CPU = Debug|Any CPU
		Release|Any CPU = Release|Any CPU
	EndGlobalSection
	GlobalSection(ProjectConfigurationPlatforms) = postSolution
		{FB5DDA6A-CB3C-4716-BB2B-D93C08212D42}.Debug|Any CPU.ActiveCfg = Debug|Any CPU
		{FB5DDA6A-CB3C-4716-BB2B-D93C08212D42}.Debug|Any CPU.Build.0 = Debug|Any CPU
		{FB5DDA6A-CB3C-4716-BB2B-D93C08212D42}.Release|Any CPU.ActiveCfg = Release|Any CPU
		{FB5DDA6A-CB3C-4716-BB2B-D93C08212D42}.Release|Any CPU.Build.0 = Release|Any CPU
	EndGlobalSection
	GlobalSection(SolutionProperties) = preSolution
		HideSolutionNode = FALSE
	EndGlobalSection
	GlobalSection(ExtensibilityGlobals) = postSolution
		SolutionGuid = {398735AD-972A-4F7B-B363-790CE8856417}
	EndGlobalSection
EndGlobal
