
Microsoft Visual Studio Solution File, Format Version 12.00
# Visual Studio Version 17
VisualStudioVersion = 17.9.34701.34
MinimumVisualStudioVersion = 10.0.40219.1
Project("{FAE04EC0-301F-11D3-BF4B-00C04F79EFBC}") = "REST_02_EF_Libreria", "REST_02_EF_Libreria\REST_02_EF_Libreria.csproj", "{3448D5C3-C990-4492-ADF1-F1FF2E524D60}"
EndProject
Global
	GlobalSection(SolutionConfigurationPlatforms) = preSolution
		Debug|Any CPU = Debug|Any CPU
		Release|Any CPU = Release|Any CPU
	EndGlobalSection
	GlobalSection(ProjectConfigurationPlatforms) = postSolution
		{3448D5C3-C990-4492-ADF1-F1FF2E524D60}.Debug|Any CPU.ActiveCfg = Debug|Any CPU
		{3448D5C3-C990-4492-ADF1-F1FF2E524D60}.Debug|Any CPU.Build.0 = Debug|Any CPU
		{3448D5C3-C990-4492-ADF1-F1FF2E524D60}.Release|Any CPU.ActiveCfg = Release|Any CPU
		{3448D5C3-C990-4492-ADF1-F1FF2E524D60}.Release|Any CPU.Build.0 = Release|Any CPU
	EndGlobalSection
	GlobalSection(SolutionProperties) = preSolution
		HideSolutionNode = FALSE
	EndGlobalSection
	GlobalSection(ExtensibilityGlobals) = postSolution
		SolutionGuid = {AA2E35D7-32C9-447D-B610-1F201ACA3114}
	EndGlobalSection
EndGlobal
