
Microsoft Visual Studio Solution File, Format Version 12.00
# Visual Studio Version 17
VisualStudioVersion = 17.9.34701.34
MinimumVisualStudioVersion = 10.0.40219.1
Project("{FAE04EC0-301F-11D3-BF4B-00C04F79EFBC}") = "Lez05_01_CorrezioneEsercizioUno", "Lez05_01_CorrezioneEsercizioUno\Lez05_01_CorrezioneEsercizioUno.csproj", "{0898A774-1BBC-4F5E-B166-DF273C5CA56F}"
EndProject
Global
	GlobalSection(SolutionConfigurationPlatforms) = preSolution
		Debug|Any CPU = Debug|Any CPU
		Release|Any CPU = Release|Any CPU
	EndGlobalSection
	GlobalSection(ProjectConfigurationPlatforms) = postSolution
		{0898A774-1BBC-4F5E-B166-DF273C5CA56F}.Debug|Any CPU.ActiveCfg = Debug|Any CPU
		{0898A774-1BBC-4F5E-B166-DF273C5CA56F}.Debug|Any CPU.Build.0 = Debug|Any CPU
		{0898A774-1BBC-4F5E-B166-DF273C5CA56F}.Release|Any CPU.ActiveCfg = Release|Any CPU
		{0898A774-1BBC-4F5E-B166-DF273C5CA56F}.Release|Any CPU.Build.0 = Release|Any CPU
	EndGlobalSection
	GlobalSection(SolutionProperties) = preSolution
		HideSolutionNode = FALSE
	EndGlobalSection
	GlobalSection(ExtensibilityGlobals) = postSolution
		SolutionGuid = {AA463F61-3B3B-4EF8-818E-05906305ABBC}
	EndGlobalSection
EndGlobal
