
Microsoft Visual Studio Solution File, Format Version 12.00
# Visual Studio Version 17
VisualStudioVersion = 17.9.34701.34
MinimumVisualStudioVersion = 10.0.40219.1
Project("{FAE04EC0-301F-11D3-BF4B-00C04F79EFBC}") = "Lez05_03_Utilizzo", "Lez05_03_Utilizzo\Lez05_03_Utilizzo.csproj", "{A43F4FE0-2D3E-4C2E-BF30-2069E344BC57}"
EndProject
Global
	GlobalSection(SolutionConfigurationPlatforms) = preSolution
		Debug|Any CPU = Debug|Any CPU
		Release|Any CPU = Release|Any CPU
	EndGlobalSection
	GlobalSection(ProjectConfigurationPlatforms) = postSolution
		{A43F4FE0-2D3E-4C2E-BF30-2069E344BC57}.Debug|Any CPU.ActiveCfg = Debug|Any CPU
		{A43F4FE0-2D3E-4C2E-BF30-2069E344BC57}.Debug|Any CPU.Build.0 = Debug|Any CPU
		{A43F4FE0-2D3E-4C2E-BF30-2069E344BC57}.Release|Any CPU.ActiveCfg = Release|Any CPU
		{A43F4FE0-2D3E-4C2E-BF30-2069E344BC57}.Release|Any CPU.Build.0 = Release|Any CPU
	EndGlobalSection
	GlobalSection(SolutionProperties) = preSolution
		HideSolutionNode = FALSE
	EndGlobalSection
	GlobalSection(ExtensibilityGlobals) = postSolution
		SolutionGuid = {8D866CB0-D8B0-4021-8F98-E96A56A12000}
	EndGlobalSection
EndGlobal
