
Microsoft Visual Studio Solution File, Format Version 12.00
# Visual Studio Version 17
VisualStudioVersion = 17.9.34701.34
MinimumVisualStudioVersion = 10.0.40219.1
Project("{FAE04EC0-301F-11D3-BF4B-00C04F79EFBC}") = "Lez02_01_TaskInvitati", "Lez02_01_TaskInvitati\Lez02_01_TaskInvitati.csproj", "{942C314C-7A64-4E34-9C62-461C80952319}"
EndProject
Global
	GlobalSection(SolutionConfigurationPlatforms) = preSolution
		Debug|Any CPU = Debug|Any CPU
		Release|Any CPU = Release|Any CPU
	EndGlobalSection
	GlobalSection(ProjectConfigurationPlatforms) = postSolution
		{942C314C-7A64-4E34-9C62-461C80952319}.Debug|Any CPU.ActiveCfg = Debug|Any CPU
		{942C314C-7A64-4E34-9C62-461C80952319}.Debug|Any CPU.Build.0 = Debug|Any CPU
		{942C314C-7A64-4E34-9C62-461C80952319}.Release|Any CPU.ActiveCfg = Release|Any CPU
		{942C314C-7A64-4E34-9C62-461C80952319}.Release|Any CPU.Build.0 = Release|Any CPU
	EndGlobalSection
	GlobalSection(SolutionProperties) = preSolution
		HideSolutionNode = FALSE
	EndGlobalSection
	GlobalSection(ExtensibilityGlobals) = postSolution
		SolutionGuid = {516DB3BF-74F6-4EEF-86B8-4B4440886C7B}
	EndGlobalSection
EndGlobal
