
Microsoft Visual Studio Solution File, Format Version 12.00
# Visual Studio Version 17
VisualStudioVersion = 17.9.34701.34
MinimumVisualStudioVersion = 10.0.40219.1
Project("{FAE04EC0-301F-11D3-BF4B-00C04F79EFBC}") = "REST_EF_06_Migrazioni", "REST_EF_06_Migrazioni\REST_EF_06_Migrazioni.csproj", "{FF043586-7324-473F-BE92-5FC5A09C6A1E}"
EndProject
Global
	GlobalSection(SolutionConfigurationPlatforms) = preSolution
		Debug|Any CPU = Debug|Any CPU
		Release|Any CPU = Release|Any CPU
	EndGlobalSection
	GlobalSection(ProjectConfigurationPlatforms) = postSolution
		{FF043586-7324-473F-BE92-5FC5A09C6A1E}.Debug|Any CPU.ActiveCfg = Debug|Any CPU
		{FF043586-7324-473F-BE92-5FC5A09C6A1E}.Debug|Any CPU.Build.0 = Debug|Any CPU
		{FF043586-7324-473F-BE92-5FC5A09C6A1E}.Release|Any CPU.ActiveCfg = Release|Any CPU
		{FF043586-7324-473F-BE92-5FC5A09C6A1E}.Release|Any CPU.Build.0 = Release|Any CPU
	EndGlobalSection
	GlobalSection(SolutionProperties) = preSolution
		HideSolutionNode = FALSE
	EndGlobalSection
	GlobalSection(ExtensibilityGlobals) = postSolution
		SolutionGuid = {D553BAB7-4AFB-4A87-98FB-A32EF18E5E68}
	EndGlobalSection
EndGlobal
