
Microsoft Visual Studio Solution File, Format Version 12.00
# Visual Studio Version 17
VisualStudioVersion = 17.9.34701.34
MinimumVisualStudioVersion = 10.0.40219.1
Project("{FAE04EC0-301F-11D3-BF4B-00C04F79EFBC}") = "Lez04_04_statici", "Lez04_04_statici\Lez04_04_statici.csproj", "{7969C295-B320-44F3-9C22-C3B8CCA4A58B}"
EndProject
Global
	GlobalSection(SolutionConfigurationPlatforms) = preSolution
		Debug|Any CPU = Debug|Any CPU
		Release|Any CPU = Release|Any CPU
	EndGlobalSection
	GlobalSection(ProjectConfigurationPlatforms) = postSolution
		{7969C295-B320-44F3-9C22-C3B8CCA4A58B}.Debug|Any CPU.ActiveCfg = Debug|Any CPU
		{7969C295-B320-44F3-9C22-C3B8CCA4A58B}.Debug|Any CPU.Build.0 = Debug|Any CPU
		{7969C295-B320-44F3-9C22-C3B8CCA4A58B}.Release|Any CPU.ActiveCfg = Release|Any CPU
		{7969C295-B320-44F3-9C22-C3B8CCA4A58B}.Release|Any CPU.Build.0 = Release|Any CPU
	EndGlobalSection
	GlobalSection(SolutionProperties) = preSolution
		HideSolutionNode = FALSE
	EndGlobalSection
	GlobalSection(ExtensibilityGlobals) = postSolution
		SolutionGuid = {60B95088-BB1C-42DA-A45D-4911685605AE}
	EndGlobalSection
EndGlobal
