
Microsoft Visual Studio Solution File, Format Version 12.00
# Visual Studio Version 17
VisualStudioVersion = 17.9.34701.34
MinimumVisualStudioVersion = 10.0.40219.1
Project("{FAE04EC0-301F-11D3-BF4B-00C04F79EFBC}") = "DB_Lez01_primi_passi", "DB_Lez01_primi_passi\DB_Lez01_primi_passi.csproj", "{CF5B1E60-BCF9-4DED-B985-AE9E8D43BEA3}"
EndProject
Global
	GlobalSection(SolutionConfigurationPlatforms) = preSolution
		Debug|Any CPU = Debug|Any CPU
		Release|Any CPU = Release|Any CPU
	EndGlobalSection
	GlobalSection(ProjectConfigurationPlatforms) = postSolution
		{CF5B1E60-BCF9-4DED-B985-AE9E8D43BEA3}.Debug|Any CPU.ActiveCfg = Debug|Any CPU
		{CF5B1E60-BCF9-4DED-B985-AE9E8D43BEA3}.Debug|Any CPU.Build.0 = Debug|Any CPU
		{CF5B1E60-BCF9-4DED-B985-AE9E8D43BEA3}.Release|Any CPU.ActiveCfg = Release|Any CPU
		{CF5B1E60-BCF9-4DED-B985-AE9E8D43BEA3}.Release|Any CPU.Build.0 = Release|Any CPU
	EndGlobalSection
	GlobalSection(SolutionProperties) = preSolution
		HideSolutionNode = FALSE
	EndGlobalSection
	GlobalSection(ExtensibilityGlobals) = postSolution
		SolutionGuid = {73984A2D-D325-45A2-A907-A0C7208BD27E}
	EndGlobalSection
EndGlobal
