
Microsoft Visual Studio Solution File, Format Version 12.00
# Visual Studio Version 17
VisualStudioVersion = 17.9.34701.34
MinimumVisualStudioVersion = 10.0.40219.1
Project("{FAE04EC0-301F-11D3-BF4B-00C04F79EFBC}") = "Lez03_06", "Lez03_06\Lez03_06.csproj", "{0E7A6265-6AF7-4017-A70A-FCB27F6715D9}"
EndProject
Global
	GlobalSection(SolutionConfigurationPlatforms) = preSolution
		Debug|Any CPU = Debug|Any CPU
		Release|Any CPU = Release|Any CPU
	EndGlobalSection
	GlobalSection(ProjectConfigurationPlatforms) = postSolution
		{0E7A6265-6AF7-4017-A70A-FCB27F6715D9}.Debug|Any CPU.ActiveCfg = Debug|Any CPU
		{0E7A6265-6AF7-4017-A70A-FCB27F6715D9}.Debug|Any CPU.Build.0 = Debug|Any CPU
		{0E7A6265-6AF7-4017-A70A-FCB27F6715D9}.Release|Any CPU.ActiveCfg = Release|Any CPU
		{0E7A6265-6AF7-4017-A70A-FCB27F6715D9}.Release|Any CPU.Build.0 = Release|Any CPU
	EndGlobalSection
	GlobalSection(SolutionProperties) = preSolution
		HideSolutionNode = FALSE
	EndGlobalSection
	GlobalSection(ExtensibilityGlobals) = postSolution
		SolutionGuid = {37C7235A-F02C-471A-9B31-CBAB07B43320}
	EndGlobalSection
EndGlobal
