
Microsoft Visual Studio Solution File, Format Version 12.00
# Visual Studio Version 17
VisualStudioVersion = 17.9.34701.34
MinimumVisualStudioVersion = 10.0.40219.1
Project("{FAE04EC0-301F-11D3-BF4B-00C04F79EFBC}") = "Lez03_09_Poly", "Lez03_09_Poly\Lez03_09_Poly.csproj", "{8C14199D-4FB1-4E71-896E-3AA2F0E5E6CA}"
EndProject
Global
	GlobalSection(SolutionConfigurationPlatforms) = preSolution
		Debug|Any CPU = Debug|Any CPU
		Release|Any CPU = Release|Any CPU
	EndGlobalSection
	GlobalSection(ProjectConfigurationPlatforms) = postSolution
		{8C14199D-4FB1-4E71-896E-3AA2F0E5E6CA}.Debug|Any CPU.ActiveCfg = Debug|Any CPU
		{8C14199D-4FB1-4E71-896E-3AA2F0E5E6CA}.Debug|Any CPU.Build.0 = Debug|Any CPU
		{8C14199D-4FB1-4E71-896E-3AA2F0E5E6CA}.Release|Any CPU.ActiveCfg = Release|Any CPU
		{8C14199D-4FB1-4E71-896E-3AA2F0E5E6CA}.Release|Any CPU.Build.0 = Release|Any CPU
	EndGlobalSection
	GlobalSection(SolutionProperties) = preSolution
		HideSolutionNode = FALSE
	EndGlobalSection
	GlobalSection(ExtensibilityGlobals) = postSolution
		SolutionGuid = {F6290252-C2B4-4A57-82D4-25E0F7564934}
	EndGlobalSection
EndGlobal
