
Microsoft Visual Studio Solution File, Format Version 12.00
# Visual Studio Version 17
VisualStudioVersion = 17.9.34701.34
MinimumVisualStudioVersion = 10.0.40219.1
Project("{FAE04EC0-301F-11D3-BF4B-00C04F79EFBC}") = "DB_lez10_migrazione", "DB_lez10_migrazione\DB_lez10_migrazione.csproj", "{A8B2CC5A-248B-49EE-A78A-7818C1C7C30E}"
EndProject
Global
	GlobalSection(SolutionConfigurationPlatforms) = preSolution
		Debug|Any CPU = Debug|Any CPU
		Release|Any CPU = Release|Any CPU
	EndGlobalSection
	GlobalSection(ProjectConfigurationPlatforms) = postSolution
		{A8B2CC5A-248B-49EE-A78A-7818C1C7C30E}.Debug|Any CPU.ActiveCfg = Debug|Any CPU
		{A8B2CC5A-248B-49EE-A78A-7818C1C7C30E}.Debug|Any CPU.Build.0 = Debug|Any CPU
		{A8B2CC5A-248B-49EE-A78A-7818C1C7C30E}.Release|Any CPU.ActiveCfg = Release|Any CPU
		{A8B2CC5A-248B-49EE-A78A-7818C1C7C30E}.Release|Any CPU.Build.0 = Release|Any CPU
	EndGlobalSection
	GlobalSection(SolutionProperties) = preSolution
		HideSolutionNode = FALSE
	EndGlobalSection
	GlobalSection(ExtensibilityGlobals) = postSolution
		SolutionGuid = {04474767-5C20-4A77-9AB3-E1246598A4DC}
	EndGlobalSection
EndGlobal
